
Microsoft Visual Studio Solution File, Format Version 12.00
# Visual Studio Version 17
VisualStudioVersion = 17.14.36414.22 d17.14
MinimumVisualStudioVersion = 10.0.40219.1
Project("{FAE04EC0-301F-11D3-BF4B-00C04F79EFBC}") = "Bostgarren Ariketa", "Bostgarren Ariketa\Bostgarren Ariketa.csproj", "{7BAEF8DF-4A8E-439D-B427-CE2854EEE228}"
EndProject
Global
	GlobalSection(SolutionConfigurationPlatforms) = preSolution
		Debug|Any CPU = Debug|Any CPU
		Release|Any CPU = Release|Any CPU
	EndGlobalSection
	GlobalSection(ProjectConfigurationPlatforms) = postSolution
		{7BAEF8DF-4A8E-439D-B427-CE2854EEE228}.Debug|Any CPU.ActiveCfg = Debug|Any CPU
		{7BAEF8DF-4A8E-439D-B427-CE2854EEE228}.Debug|Any CPU.Build.0 = Debug|Any CPU
		{7BAEF8DF-4A8E-439D-B427-CE2854EEE228}.Release|Any CPU.ActiveCfg = Release|Any CPU
		{7BAEF8DF-4A8E-439D-B427-CE2854EEE228}.Release|Any CPU.Build.0 = Release|Any CPU
	EndGlobalSection
	GlobalSection(SolutionProperties) = preSolution
		HideSolutionNode = FALSE
	EndGlobalSection
	GlobalSection(ExtensibilityGlobals) = postSolution
		SolutionGuid = {1230384F-6921-4429-8604-D8386D2A2F9B}
	EndGlobalSection
EndGlobal
