
Microsoft Visual Studio Solution File, Format Version 12.00
# Visual Studio Version 17
VisualStudioVersion = 17.14.36414.22 d17.14
MinimumVisualStudioVersion = 10.0.40219.1
Project("{FAE04EC0-301F-11D3-BF4B-00C04F79EFBC}") = "2.2 Ariketa", "2.2 Ariketa\2.2 Ariketa.csproj", "{32F9A345-0F82-40F0-897C-A0DB76AC22EE}"
EndProject
Global
	GlobalSection(SolutionConfigurationPlatforms) = preSolution
		Debug|Any CPU = Debug|Any CPU
		Release|Any CPU = Release|Any CPU
	EndGlobalSection
	GlobalSection(ProjectConfigurationPlatforms) = postSolution
		{32F9A345-0F82-40F0-897C-A0DB76AC22EE}.Debug|Any CPU.ActiveCfg = Debug|Any CPU
		{32F9A345-0F82-40F0-897C-A0DB76AC22EE}.Debug|Any CPU.Build.0 = Debug|Any CPU
		{32F9A345-0F82-40F0-897C-A0DB76AC22EE}.Release|Any CPU.ActiveCfg = Release|Any CPU
		{32F9A345-0F82-40F0-897C-A0DB76AC22EE}.Release|Any CPU.Build.0 = Release|Any CPU
	EndGlobalSection
	GlobalSection(SolutionProperties) = preSolution
		HideSolutionNode = FALSE
	EndGlobalSection
	GlobalSection(ExtensibilityGlobals) = postSolution
		SolutionGuid = {EF92A3AA-4B0A-4835-A8F4-2FA856D513C6}
	EndGlobalSection
EndGlobal
